lockfileVersion: '6.0'

settings:
  autoInstallPeers: true
  excludeLinksFromLockfile: false

devDependencies:
  '@swc/core':
    specifier: ^1.11.24
    version: 1.11.24

packages:

  /@swc/core-darwin-arm64@1.11.24:
    resolution: {integrity: sha512-dhtVj0PC1APOF4fl5qT2neGjRLgHAAYfiVP8poJelhzhB/318bO+QCFWAiimcDoyMgpCXOhTp757gnoJJrheWA==}
    engines: {node: '>=10'}
    cpu: [arm64]
    os: [darwin]
    requiresBuild: true
    dev: true
    optional: true

  /@swc/core-darwin-x64@1.11.24:
    resolution: {integrity: sha512-H/3cPs8uxcj2Fe3SoLlofN5JG6Ny5bl8DuZ6Yc2wr7gQFBmyBkbZEz+sPVgsID7IXuz7vTP95kMm1VL74SO5AQ==}
    engines: {node: '>=10'}
    cpu: [x64]
    os: [darwin]
    requiresBuild: true
    dev: true
    optional: true

  /@swc/core-linux-arm-gnueabihf@1.11.24:
    resolution: {integrity: sha512-PHJgWEpCsLo/NGj+A2lXZ2mgGjsr96ULNW3+T3Bj2KTc8XtMUkE8tmY2Da20ItZOvPNC/69KroU7edyo1Flfbw==}
    engines: {node: '>=10'}
    cpu: [arm]
    os: [linux]
    requiresBuild: true
    dev: true
    optional: true

  /@swc/core-linux-arm64-gnu@1.11.24:
    resolution: {integrity: sha512-C2FJb08+n5SD4CYWCTZx1uR88BN41ZieoHvI8A55hfVf2woT8+6ZiBzt74qW2g+ntZ535Jts5VwXAKdu41HpBg==}
    engines: {node: '>=10'}
    cpu: [arm64]
    os: [linux]
    requiresBuild: true
    dev: true
    optional: true

  /@swc/core-linux-arm64-musl@1.11.24:
    resolution: {integrity: sha512-ypXLIdszRo0re7PNNaXN0+2lD454G8l9LPK/rbfRXnhLWDBPURxzKlLlU/YGd2zP98wPcVooMmegRSNOKfvErw==}
    engines: {node: '>=10'}
    cpu: [arm64]
    os: [linux]
    requiresBuild: true
    dev: true
    optional: true

  /@swc/core-linux-x64-gnu@1.11.24:
    resolution: {integrity: sha512-IM7d+STVZD48zxcgo69L0yYptfhaaE9cMZ+9OoMxirNafhKKXwoZuufol1+alEFKc+Wbwp+aUPe/DeWC/Lh3dg==}
    engines: {node: '>=10'}
    cpu: [x64]
    os: [linux]
    requiresBuild: true
    dev: true
    optional: true

  /@swc/core-linux-x64-musl@1.11.24:
    resolution: {integrity: sha512-DZByJaMVzSfjQKKQn3cqSeqwy6lpMaQDQQ4HPlch9FWtDx/dLcpdIhxssqZXcR2rhaQVIaRQsCqwV6orSDGAGw==}
    engines: {node: '>=10'}
    cpu: [x64]
    os: [linux]
    requiresBuild: true
    dev: true
    optional: true

  /@swc/core-win32-arm64-msvc@1.11.24:
    resolution: {integrity: sha512-Q64Ytn23y9aVDKN5iryFi8mRgyHw3/kyjTjT4qFCa8AEb5sGUuSj//AUZ6c0J7hQKMHlg9do5Etvoe61V98/JQ==}
    engines: {node: '>=10'}
    cpu: [arm64]
    os: [win32]
    requiresBuild: true
    dev: true
    optional: true

  /@swc/core-win32-ia32-msvc@1.11.24:
    resolution: {integrity: sha512-9pKLIisE/Hh2vJhGIPvSoTK4uBSPxNVyXHmOrtdDot4E1FUUI74Vi8tFdlwNbaj8/vusVnb8xPXsxF1uB0VgiQ==}
    engines: {node: '>=10'}
    cpu: [ia32]
    os: [win32]
    requiresBuild: true
    dev: true
    optional: true

  /@swc/core-win32-x64-msvc@1.11.24:
    resolution: {integrity: sha512-sybnXtOsdB+XvzVFlBVGgRHLqp3yRpHK7CrmpuDKszhj/QhmsaZzY/GHSeALlMtLup13M0gqbcQvsTNlAHTg3w==}
    engines: {node: '>=10'}
    cpu: [x64]
    os: [win32]
    requiresBuild: true
    dev: true
    optional: true

  /@swc/core@1.11.24:
    resolution: {integrity: sha512-MaQEIpfcEMzx3VWWopbofKJvaraqmL6HbLlw2bFZ7qYqYw3rkhM0cQVEgyzbHtTWwCwPMFZSC2DUbhlZgrMfLg==}
    engines: {node: '>=10'}
    requiresBuild: true
    peerDependencies:
      '@swc/helpers': '>=0.5.17'
    peerDependenciesMeta:
      '@swc/helpers':
        optional: true
    dependencies:
      '@swc/counter': 0.1.3
      '@swc/types': 0.1.21
    optionalDependencies:
      '@swc/core-darwin-arm64': 1.11.24
      '@swc/core-darwin-x64': 1.11.24
      '@swc/core-linux-arm-gnueabihf': 1.11.24
      '@swc/core-linux-arm64-gnu': 1.11.24
      '@swc/core-linux-arm64-musl': 1.11.24
      '@swc/core-linux-x64-gnu': 1.11.24
      '@swc/core-linux-x64-musl': 1.11.24
      '@swc/core-win32-arm64-msvc': 1.11.24
      '@swc/core-win32-ia32-msvc': 1.11.24
      '@swc/core-win32-x64-msvc': 1.11.24
    dev: true

  /@swc/counter@0.1.3:
    resolution: {integrity: sha512-e2BR4lsJkkRlKZ/qCHPw9ZaSxc0MVUd7gtbtaB7aMvHeJVYe8sOB8DBZkP2DtISHGSku9sCK6T6cnY0CtXrOCQ==}
    dev: true

  /@swc/types@0.1.21:
    resolution: {integrity: sha512-2YEtj5HJVbKivud9N4bpPBAyZhj4S2Ipe5LkUG94alTpr7in/GU/EARgPAd3BwU+YOmFVJC2+kjqhGRi3r0ZpQ==}
    dependencies:
      '@swc/counter': 0.1.3
    dev: true
